lockfileVersion: '9.0'

settings:
  autoInstallPeers: true
  excludeLinksFromLockfile: false

importers:

  .:
    dependencies:
      '@gltf-transform/core':
        specifier: ^4.5.1
        version: 4.5.1
      '@gltf-transform/extensions':
        specifier: ^4.5.1
        version: 4.5.1
      draco3dgltf:
        specifier: ^1.5.7
        version: 1.5.7

packages:

  '@gltf-transform/core@4.5.1':
    resolution: {integrity: sha512-OWgBYssKHKoXMIrMb2N20jXqWRnMP9HdtcTFQBEAJtz4P+OOxx5fozl5eAeK7nktIs5uDE/lu4NbkE5VCZaR9g==}

  '@gltf-transform/extensions@4.5.1':
    resolution: {integrity: sha512-3jTe+GWRy4fj1TU790LPsO+rpO/4byUWPTpNkjy6M6h8RvrUivRf12Mptc0770K4ZczibpJDNHXZFkFsFMRDLA==}

  draco3dgltf@1.5.7:
    resolution: {integrity: sha512-LeqcpmoHIyYUi0z70/H3tMkGj8QhqVxq6FJGPjlzR24BNkQ6jyMheMvFKJBI0dzGZrEOUyQEmZ8axM1xRrbRiw==}

  ktx-parse@1.1.0:
    resolution: {integrity: sha512-mKp3y+FaYgR7mXWAbyyzpa/r1zDWeaunH+INJO4fou3hb45XuNSwar+7llrRyvpMWafxSIi99RNFJ05MHedaJQ==}

  property-graph@4.1.0:
    resolution: {integrity: sha512-AvPcP7XECNWy4LGmFQ77k7un4lSKM4eS29PTvW4ck95uYeLxXPWJM7hLuBqK91FaHqCcgJvIUCuNJjjxKE7VKQ==}

snapshots:

  '@gltf-transform/core@4.5.1':
    dependencies:
      property-graph: 4.1.0

  '@gltf-transform/extensions@4.5.1':
    dependencies:
      '@gltf-transform/core': 4.5.1
      ktx-parse: 1.1.0

  draco3dgltf@1.5.7: {}

  ktx-parse@1.1.0: {}

  property-graph@4.1.0: {}
